
Microsoft Visual Studio Solution File, Format Version 12.00
# Visual Studio Version 17
VisualStudioVersion = 17.14.36414.22 d17.14
MinimumVisualStudioVersion = 10.0.40219.1
Project("{FAE04EC0-301F-11D3-BF4B-00C04F79EFBC}") = "ArraysAndLists", "ArraysAndLists\ArraysAndLists.csproj", "{BC5FAAAE-B4AA-44A8-9DE0-1C4B177C5382}"
EndProject
Global
	GlobalSection(SolutionConfigurationPlatforms) = preSolution
		Debug|Any CPU = Debug|Any CPU
		Release|Any CPU = Release|Any CPU
	EndGlobalSection
	GlobalSection(ProjectConfigurationPlatforms) = postSolution
		{BC5FAAAE-B4AA-44A8-9DE0-1C4B177C5382}.Debug|Any CPU.ActiveCfg = Debug|Any CPU
		{BC5FAAAE-B4AA-44A8-9DE0-1C4B177C5382}.Debug|Any CPU.Build.0 = Debug|Any CPU
		{BC5FAAAE-B4AA-44A8-9DE0-1C4B177C5382}.Release|Any CPU.ActiveCfg = Release|Any CPU
		{BC5FAAAE-B4AA-44A8-9DE0-1C4B177C5382}.Release|Any CPU.Build.0 = Release|Any CPU
	EndGlobalSection
	GlobalSection(SolutionProperties) = preSolution
		HideSolutionNode = FALSE
	EndGlobalSection
	GlobalSection(ExtensibilityGlobals) = postSolution
		SolutionGuid = {1F6057F1-1B65-49E9-80F7-EAEDDF9165ED}
	EndGlobalSection
EndGlobal
