
Microsoft Visual Studio Solution File, Format Version 12.00
# Visual Studio Version 17
VisualStudioVersion = 17.14.36414.22 d17.14
MinimumVisualStudioVersion = 10.0.40219.1
Project("{FAE04EC0-301F-11D3-BF4B-00C04F79EFBC}") = "Operators Assignment", "Operators Assignment\Operators Assignment.csproj", "{21C1ECD6-A08B-4D31-8676-54E7066F924B}"
EndProject
Global
	GlobalSection(SolutionConfigurationPlatforms) = preSolution
		Debug|Any CPU = Debug|Any CPU
		Release|Any CPU = Release|Any CPU
	EndGlobalSection
	GlobalSection(ProjectConfigurationPlatforms) = postSolution
		{21C1ECD6-A08B-4D31-8676-54E7066F924B}.Debug|Any CPU.ActiveCfg = Debug|Any CPU
		{21C1ECD6-A08B-4D31-8676-54E7066F924B}.Debug|Any CPU.Build.0 = Debug|Any CPU
		{21C1ECD6-A08B-4D31-8676-54E7066F924B}.Release|Any CPU.ActiveCfg = Release|Any CPU
		{21C1ECD6-A08B-4D31-8676-54E7066F924B}.Release|Any CPU.Build.0 = Release|Any CPU
	EndGlobalSection
	GlobalSection(SolutionProperties) = preSolution
		HideSolutionNode = FALSE
	EndGlobalSection
	GlobalSection(ExtensibilityGlobals) = postSolution
		SolutionGuid = {A6564DC2-42C3-4ABB-8F09-FC76856CA3D8}
	EndGlobalSection
EndGlobal
