
Microsoft Visual Studio Solution File, Format Version 12.00
# Visual Studio Version 17
VisualStudioVersion = 17.14.36414.22 d17.14
MinimumVisualStudioVersion = 10.0.40219.1
Project("{FAE04EC0-301F-11D3-BF4B-00C04F79EFBC}") = "BooleanLogicAssignment", "BooleanLogicAssignment\BooleanLogicAssignment.csproj", "{46DA16D1-8C5B-4213-A2B3-3E49DFBC208E}"
EndProject
Global
	GlobalSection(SolutionConfigurationPlatforms) = preSolution
		Debug|Any CPU = Debug|Any CPU
		Release|Any CPU = Release|Any CPU
	EndGlobalSection
	GlobalSection(ProjectConfigurationPlatforms) = postSolution
		{46DA16D1-8C5B-4213-A2B3-3E49DFBC208E}.Debug|Any CPU.ActiveCfg = Debug|Any CPU
		{46DA16D1-8C5B-4213-A2B3-3E49DFBC208E}.Debug|Any CPU.Build.0 = Debug|Any CPU
		{46DA16D1-8C5B-4213-A2B3-3E49DFBC208E}.Release|Any CPU.ActiveCfg = Release|Any CPU
		{46DA16D1-8C5B-4213-A2B3-3E49DFBC208E}.Release|Any CPU.Build.0 = Release|Any CPU
	EndGlobalSection
	GlobalSection(SolutionProperties) = preSolution
		HideSolutionNode = FALSE
	EndGlobalSection
	GlobalSection(ExtensibilityGlobals) = postSolution
		SolutionGuid = {97915548-2D48-4316-823D-668CB3DADBC8}
	EndGlobalSection
EndGlobal
