
Microsoft Visual Studio Solution File, Format Version 12.00
# Visual Studio Version 17
VisualStudioVersion = 17.14.36414.22 d17.14
MinimumVisualStudioVersion = 10.0.40219.1
Project("{FAE04EC0-301F-11D3-BF4B-00C04F79EFBC}") = "Console App Array Assignment`", "Console App Array Assignment`\Console App Array Assignment`.csproj", "{D3950C3F-1B9E-4B29-877D-22018A1BE8C9}"
EndProject
Global
	GlobalSection(SolutionConfigurationPlatforms) = preSolution
		Debug|Any CPU = Debug|Any CPU
		Release|Any CPU = Release|Any CPU
	EndGlobalSection
	GlobalSection(ProjectConfigurationPlatforms) = postSolution
		{D3950C3F-1B9E-4B29-877D-22018A1BE8C9}.Debug|Any CPU.ActiveCfg = Debug|Any CPU
		{D3950C3F-1B9E-4B29-877D-22018A1BE8C9}.Debug|Any CPU.Build.0 = Debug|Any CPU
		{D3950C3F-1B9E-4B29-877D-22018A1BE8C9}.Release|Any CPU.ActiveCfg = Release|Any CPU
		{D3950C3F-1B9E-4B29-877D-22018A1BE8C9}.Release|Any CPU.Build.0 = Release|Any CPU
	EndGlobalSection
	GlobalSection(SolutionProperties) = preSolution
		HideSolutionNode = FALSE
	EndGlobalSection
	GlobalSection(ExtensibilityGlobals) = postSolution
		SolutionGuid = {3E6D7193-E4A1-4620-8B05-F8ABBB5B29FA}
	EndGlobalSection
EndGlobal
