
Microsoft Visual Studio Solution File, Format Version 12.00
# Visual Studio Version 17
VisualStudioVersion = 17.14.36414.22 d17.14
MinimumVisualStudioVersion = 10.0.40219.1
Project("{FAE04EC0-301F-11D3-BF4B-00C04F79EFBC}") = "TwentyOne", "TwentyOne\TwentyOne.csproj", "{B8D3D8AE-B414-4C6F-9832-29C05BE16159}"
EndProject
Global
	GlobalSection(SolutionConfigurationPlatforms) = preSolution
		Debug|Any CPU = Debug|Any CPU
		Release|Any CPU = Release|Any CPU
	EndGlobalSection
	GlobalSection(ProjectConfigurationPlatforms) = postSolution
		{B8D3D8AE-B414-4C6F-9832-29C05BE16159}.Debug|Any CPU.ActiveCfg = Debug|Any CPU
		{B8D3D8AE-B414-4C6F-9832-29C05BE16159}.Debug|Any CPU.Build.0 = Debug|Any CPU
		{B8D3D8AE-B414-4C6F-9832-29C05BE16159}.Release|Any CPU.ActiveCfg = Release|Any CPU
		{B8D3D8AE-B414-4C6F-9832-29C05BE16159}.Release|Any CPU.Build.0 = Release|Any CPU
	EndGlobalSection
	GlobalSection(SolutionProperties) = preSolution
		HideSolutionNode = FALSE
	EndGlobalSection
	GlobalSection(ExtensibilityGlobals) = postSolution
		SolutionGuid = {43D3151B-02F8-47BE-A1B4-C1629C4BD3A4}
	EndGlobalSection
EndGlobal
