
Microsoft Visual Studio Solution File, Format Version 12.00
# Visual Studio Version 17
VisualStudioVersion = 17.14.36414.22 d17.14
MinimumVisualStudioVersion = 10.0.40219.1
Project("{FAE04EC0-301F-11D3-BF4B-00C04F79EFBC}") = "MathAndComparisonOperators", "MathAndComparisonOperators\MathAndComparisonOperators.csproj", "{ED9A5595-4ADB-4B3C-86C5-9B4FBE471FE5}"
EndProject
Global
	GlobalSection(SolutionConfigurationPlatforms) = preSolution
		Debug|Any CPU = Debug|Any CPU
		Release|Any CPU = Release|Any CPU
	EndGlobalSection
	GlobalSection(ProjectConfigurationPlatforms) = postSolution
		{ED9A5595-4ADB-4B3C-86C5-9B4FBE471FE5}.Debug|Any CPU.ActiveCfg = Debug|Any CPU
		{ED9A5595-4ADB-4B3C-86C5-9B4FBE471FE5}.Debug|Any CPU.Build.0 = Debug|Any CPU
		{ED9A5595-4ADB-4B3C-86C5-9B4FBE471FE5}.Release|Any CPU.ActiveCfg = Release|Any CPU
		{ED9A5595-4ADB-4B3C-86C5-9B4FBE471FE5}.Release|Any CPU.Build.0 = Release|Any CPU
	EndGlobalSection
	GlobalSection(SolutionProperties) = preSolution
		HideSolutionNode = FALSE
	EndGlobalSection
	GlobalSection(ExtensibilityGlobals) = postSolution
		SolutionGuid = {55A8C678-8849-463E-BC55-DA4DAF67E706}
	EndGlobalSection
EndGlobal
