
Microsoft Visual Studio Solution File, Format Version 12.00
# Visual Studio Version 17
VisualStudioVersion = 17.14.36414.22 d17.14
MinimumVisualStudioVersion = 10.0.40219.1
Project("{FAE04EC0-301F-11D3-BF4B-00C04F79EFBC}") = "Abstract Class Assignment", "Abstract Class Assignment\Abstract Class Assignment.csproj", "{91D869DC-64A7-4D1C-BBDC-6EFE26D963D5}"
EndProject
Global
	GlobalSection(SolutionConfigurationPlatforms) = preSolution
		Debug|Any CPU = Debug|Any CPU
		Release|Any CPU = Release|Any CPU
	EndGlobalSection
	GlobalSection(ProjectConfigurationPlatforms) = postSolution
		{91D869DC-64A7-4D1C-BBDC-6EFE26D963D5}.Debug|Any CPU.ActiveCfg = Debug|Any CPU
		{91D869DC-64A7-4D1C-BBDC-6EFE26D963D5}.Debug|Any CPU.Build.0 = Debug|Any CPU
		{91D869DC-64A7-4D1C-BBDC-6EFE26D963D5}.Release|Any CPU.ActiveCfg = Release|Any CPU
		{91D869DC-64A7-4D1C-BBDC-6EFE26D963D5}.Release|Any CPU.Build.0 = Release|Any CPU
	EndGlobalSection
	GlobalSection(SolutionProperties) = preSolution
		HideSolutionNode = FALSE
	EndGlobalSection
	GlobalSection(ExtensibilityGlobals) = postSolution
		SolutionGuid = {DB202845-4CB0-4CD5-9991-414DFAB71D47}
	EndGlobalSection
EndGlobal
