
Microsoft Visual Studio Solution File, Format Version 12.00
# Visual Studio Version 17
VisualStudioVersion = 17.14.36414.22 d17.14
MinimumVisualStudioVersion = 10.0.40219.1
Project("{FAE04EC0-301F-11D3-BF4B-00C04F79EFBC}") = "MethodAssignment", "MethodAssignment\MethodAssignment.csproj", "{1571CAC5-1545-4886-BD98-3D816679996F}"
EndProject
Global
	GlobalSection(SolutionConfigurationPlatforms) = preSolution
		Debug|Any CPU = Debug|Any CPU
		Release|Any CPU = Release|Any CPU
	EndGlobalSection
	GlobalSection(ProjectConfigurationPlatforms) = postSolution
		{1571CAC5-1545-4886-BD98-3D816679996F}.Debug|Any CPU.ActiveCfg = Debug|Any CPU
		{1571CAC5-1545-4886-BD98-3D816679996F}.Debug|Any CPU.Build.0 = Debug|Any CPU
		{1571CAC5-1545-4886-BD98-3D816679996F}.Release|Any CPU.ActiveCfg = Release|Any CPU
		{1571CAC5-1545-4886-BD98-3D816679996F}.Release|Any CPU.Build.0 = Release|Any CPU
	EndGlobalSection
	GlobalSection(SolutionProperties) = preSolution
		HideSolutionNode = FALSE
	EndGlobalSection
	GlobalSection(ExtensibilityGlobals) = postSolution
		SolutionGuid = {5ECEC23C-815D-4948-A71D-E7C1A8BCF12B}
	EndGlobalSection
EndGlobal
