
Microsoft Visual Studio Solution File, Format Version 12.00
# Visual Studio Version 17
VisualStudioVersion = 17.14.36414.22 d17.14
MinimumVisualStudioVersion = 10.0.40219.1
Project("{FAE04EC0-301F-11D3-BF4B-00C04F79EFBC}") = "Lambda Expression Assignment", "Lambda Expression Assignment\Lambda Expression Assignment.csproj", "{9CFACFCB-31E3-47E6-ABD2-BE575F6F5163}"
EndProject
Global
	GlobalSection(SolutionConfigurationPlatforms) = preSolution
		Debug|Any CPU = Debug|Any CPU
		Release|Any CPU = Release|Any CPU
	EndGlobalSection
	GlobalSection(ProjectConfigurationPlatforms) = postSolution
		{9CFACFCB-31E3-47E6-ABD2-BE575F6F5163}.Debug|Any CPU.ActiveCfg = Debug|Any CPU
		{9CFACFCB-31E3-47E6-ABD2-BE575F6F5163}.Debug|Any CPU.Build.0 = Debug|Any CPU
		{9CFACFCB-31E3-47E6-ABD2-BE575F6F5163}.Release|Any CPU.ActiveCfg = Release|Any CPU
		{9CFACFCB-31E3-47E6-ABD2-BE575F6F5163}.Release|Any CPU.Build.0 = Release|Any CPU
	EndGlobalSection
	GlobalSection(SolutionProperties) = preSolution
		HideSolutionNode = FALSE
	EndGlobalSection
	GlobalSection(ExtensibilityGlobals) = postSolution
		SolutionGuid = {E7A2F49E-C568-4168-B587-081D661D793C}
	EndGlobalSection
EndGlobal
