
Microsoft Visual Studio Solution File, Format Version 12.00
# Visual Studio Version 17
VisualStudioVersion = 17.14.36414.22 d17.14
MinimumVisualStudioVersion = 10.0.40219.1
Project("{FAE04EC0-301F-11D3-BF4B-00C04F79EFBC}") = "Struct Assignment", "Struct Assignment\Struct Assignment.csproj", "{3464FE9A-56D5-46B4-8983-04163C81FFA5}"
EndProject
Global
	GlobalSection(SolutionConfigurationPlatforms) = preSolution
		Debug|Any CPU = Debug|Any CPU
		Release|Any CPU = Release|Any CPU
	EndGlobalSection
	GlobalSection(ProjectConfigurationPlatforms) = postSolution
		{3464FE9A-56D5-46B4-8983-04163C81FFA5}.Debug|Any CPU.ActiveCfg = Debug|Any CPU
		{3464FE9A-56D5-46B4-8983-04163C81FFA5}.Debug|Any CPU.Build.0 = Debug|Any CPU
		{3464FE9A-56D5-46B4-8983-04163C81FFA5}.Release|Any CPU.ActiveCfg = Release|Any CPU
		{3464FE9A-56D5-46B4-8983-04163C81FFA5}.Release|Any CPU.Build.0 = Release|Any CPU
	EndGlobalSection
	GlobalSection(SolutionProperties) = preSolution
		HideSolutionNode = FALSE
	EndGlobalSection
	GlobalSection(ExtensibilityGlobals) = postSolution
		SolutionGuid = {791E59A4-BF18-4F60-967B-86AE05D9CBBE}
	EndGlobalSection
EndGlobal
