
Microsoft Visual Studio Solution File, Format Version 12.00
# Visual Studio Version 17
VisualStudioVersion = 17.14.36414.22 d17.14
MinimumVisualStudioVersion = 10.0.40219.1
Project("{FAE04EC0-301F-11D3-BF4B-00C04F79EFBC}") = "String Assignment", "String Assignment\String Assignment.csproj", "{07901824-8CBD-4DD0-8080-53D8768BE544}"
EndProject
Global
	GlobalSection(SolutionConfigurationPlatforms) = preSolution
		Debug|Any CPU = Debug|Any CPU
		Release|Any CPU = Release|Any CPU
	EndGlobalSection
	GlobalSection(ProjectConfigurationPlatforms) = postSolution
		{07901824-8CBD-4DD0-8080-53D8768BE544}.Debug|Any CPU.ActiveCfg = Debug|Any CPU
		{07901824-8CBD-4DD0-8080-53D8768BE544}.Debug|Any CPU.Build.0 = Debug|Any CPU
		{07901824-8CBD-4DD0-8080-53D8768BE544}.Release|Any CPU.ActiveCfg = Release|Any CPU
		{07901824-8CBD-4DD0-8080-53D8768BE544}.Release|Any CPU.Build.0 = Release|Any CPU
	EndGlobalSection
	GlobalSection(SolutionProperties) = preSolution
		HideSolutionNode = FALSE
	EndGlobalSection
	GlobalSection(ExtensibilityGlobals) = postSolution
		SolutionGuid = {EE15FF56-68AA-4367-BA5D-343DA3720972}
	EndGlobalSection
EndGlobal
